
Microsoft Visual Studio Solution File, Format Version 12.00
# Visual Studio Version 17
VisualStudioVersion = 17.0.32126.317
MinimumVisualStudioVersion = 10.0.40219.1
Project("{FAE04EC0-301F-11D3-BF4B-00C04F79EFBC}") = "Mongodb", "Mongodb\Mongodb.csproj", "{6163046C-511A-4F28-AB9A-C58F3CB73A4E}"
EndProject
Global
	GlobalSection(SolutionConfigurationPlatforms) = preSolution
		Debug|Any CPU = Debug|Any CPU
		Release|Any CPU = Release|Any CPU
	EndGlobalSection
	GlobalSection(ProjectConfigurationPlatforms) = postSolution
		{6163046C-511A-4F28-AB9A-C58F3CB73A4E}.Debug|Any CPU.ActiveCfg = Debug|Any CPU
		{6163046C-511A-4F28-AB9A-C58F3CB73A4E}.Debug|Any CPU.Build.0 = Debug|Any CPU
		{6163046C-511A-4F28-AB9A-C58F3CB73A4E}.Release|Any CPU.ActiveCfg = Release|Any CPU
		{6163046C-511A-4F28-AB9A-C58F3CB73A4E}.Release|Any CPU.Build.0 = Release|Any CPU
	EndGlobalSection
	GlobalSection(SolutionProperties) = preSolution
		HideSolutionNode = FALSE
	EndGlobalSection
	GlobalSection(ExtensibilityGlobals) = postSolution
		SolutionGuid = {BE382C55-DC1A-4C1D-AC8D-7151A41C0C78}
	EndGlobalSection
EndGlobal
